
Microsoft Visual Studio Solution File, Format Version 12.00
# Visual Studio 2015
Project("{FAE04EC0-301F-11D3-BF4B-00C04F79EFBC}") = "Steering.CSharp.Plugins", "Steering.CSharp.Plugins.csproj", "{F3377BB9-8570-57D8-6C67-D29A59D6F337}"
EndProject
Project("{FAE04EC0-301F-11D3-BF4B-00C04F79EFBC}") = "Steering.CSharp", "Steering.CSharp.csproj", "{78B1B1D8-2739-D733-FFB2-B30D5672C5B2}"
EndProject
Project("{FAE04EC0-301F-11D3-BF4B-00C04F79EFBC}") = "Steering.CSharp.Editor", "Steering.CSharp.Editor.csproj", "{AD4400B1-CA34-339C-44B9-2F7D4ABCB554}"
EndProject
Global
	GlobalSection(SolutionConfigurationPlatforms) = preSolution
		Debug|Any CPU = Debug|Any CPU
		Release|Any CPU = Release|Any CPU
	EndGlobalSection
	GlobalSection(ProjectConfigurationPlatforms) = postSolution
		{F3377BB9-8570-57D8-6C67-D29A59D6F337}.Debug|Any CPU.ActiveCfg = Debug|Any CPU
		{F3377BB9-8570-57D8-6C67-D29A59D6F337}.Debug|Any CPU.Build.0 = Debug|Any CPU
		{F3377BB9-8570-57D8-6C67-D29A59D6F337}.Release|Any CPU.ActiveCfg = Release|Any CPU
		{F3377BB9-8570-57D8-6C67-D29A59D6F337}.Release|Any CPU.Build.0 = Release|Any CPU
		{78B1B1D8-2739-D733-FFB2-B30D5672C5B2}.Debug|Any CPU.ActiveCfg = Debug|Any CPU
		{78B1B1D8-2739-D733-FFB2-B30D5672C5B2}.Debug|Any CPU.Build.0 = Debug|Any CPU
		{78B1B1D8-2739-D733-FFB2-B30D5672C5B2}.Release|Any CPU.ActiveCfg = Release|Any CPU
		{78B1B1D8-2739-D733-FFB2-B30D5672C5B2}.Release|Any CPU.Build.0 = Release|Any CPU
		{AD4400B1-CA34-339C-44B9-2F7D4ABCB554}.Debug|Any CPU.ActiveCfg = Debug|Any CPU
		{AD4400B1-CA34-339C-44B9-2F7D4ABCB554}.Debug|Any CPU.Build.0 = Debug|Any CPU
		{AD4400B1-CA34-339C-44B9-2F7D4ABCB554}.Release|Any CPU.ActiveCfg = Release|Any CPU
		{AD4400B1-CA34-339C-44B9-2F7D4ABCB554}.Release|Any CPU.Build.0 = Release|Any CPU
	EndGlobalSection
	GlobalSection(SolutionProperties) = preSolution
		HideSolutionNode = FALSE
	EndGlobalSection
EndGlobal
